<?xml version="1.0" encoding="utf-8"?>
<Project ToolsVersion="4.0" xmlns="http://schemas.microsoft.com/developer/msbuild/2003">
  <ItemGroup>
    <Filter Include="Source Files">
      <UniqueIdentifier>{4FC737F1-C7A5-4376-A066-2A32D752A2FF}</UniqueIdentifier>
      <Extensions>cpp;c;cc;cxx;def;odl;idl;hpj;bat;asm;asmx</Extensions>
    </Filter>
    <Filter Include="Header Files">
      <UniqueIdentifier>{93995380-89BD-4b04-88EB-625FBE52EBFB}</UniqueIdentifier>
      <Extensions>h;hpp;hxx;hm;inl;inc;xsd</Extensions>
    </Filter>
    <Filter Include="Generated file">
      <UniqueIdentifier>{33d7ba67-edc0-4ba8-9bd3-6630a8911359}</UniqueIdentifier>
    </Filter>
    <Filter Include="Source Files\Resource Files">
      <UniqueIdentifier>{67DA6AB6-F800-4c08-8B7A-83BB121AAD01}</UniqueIdentifier>
      <Extensions>rc;ico;cur;bmp;dlg;rc2;rct;bin;rgs;gif;jpg;jpeg;jpe;resx;tiff;tif;png;wav;mfcribbon-ms</Extensions>
    </Filter>
  </ItemGroup>
  <ItemGroup>
    <None Include="ReadMe.txt" />
    <None Include="QE_lib.cd" />
  </ItemGroup>
  <ItemGroup>
    <ClInclude Include="QCamera.h">
      <Filter>Header Files</Filter>
    </ClInclude>
    <ClInclude Include="QNode.h">
      <Filter>Header Files</Filter>
    </ClInclude>
    <ClInclude Include="QObserver.h">
      <Filter>Header Files</Filter>
    </ClInclude>
    <ClInclude Include="QScene.h">
      <Filter>Header Files</Filter>
    </ClInclude>
    <ClInclude Include="QSceneManager.h">
      <Filter>Header Files</Filter>
    </ClInclude>
    <ClInclude Include="QViewport.h">
      <Filter>Header Files</Filter>
    </ClInclude>
    <ClInclude Include="QT_Include.h">
      <Filter>Header Files</Filter>
    </ClInclude>
    <ClInclude Include="GL_Include.h">
      <Filter>Header Files</Filter>
    </ClInclude>
    <ClInclude Include="QDataArray.h">
      <Filter>Header Files</Filter>
    </ClInclude>
    <ClInclude Include="QStateSet.h">
      <Filter>Header Files</Filter>
    </ClInclude>
    <ClInclude Include="QRenderable.h">
      <Filter>Header Files</Filter>
    </ClInclude>
    <ClInclude Include="QLeaf.h">
      <Filter>Header Files</Filter>
    </ClInclude>
    <ClInclude Include="QFork.h">
      <Filter>Header Files</Filter>
    </ClInclude>
    <ClInclude Include="QTransform3D.h">
      <Filter>Header Files</Filter>
    </ClInclude>
    <ClInclude Include="QAttributeSet.h">
      <Filter>Header Files</Filter>
    </ClInclude>
    <ClInclude Include="QAttribute.h">
      <Filter>Header Files</Filter>
    </ClInclude>
    <ClInclude Include="QState.h">
      <Filter>Header Files</Filter>
    </ClInclude>
    <ClInclude Include="Config.h">
      <Filter>Header Files</Filter>
    </ClInclude>
    <ClInclude Include="QRenderWindow.h">
      <Filter>Header Files</Filter>
    </ClInclude>
    <ClInclude Include="QAccessor.h">
      <Filter>Header Files</Filter>
    </ClInclude>
    <ClInclude Include="QTesselator.h">
      <Filter>Header Files</Filter>
    </ClInclude>
    <ClInclude Include="SysDefine.h">
      <Filter>Header Files</Filter>
    </ClInclude>
    <ClInclude Include="ColorAttribute.h">
      <Filter>Header Files</Filter>
    </ClInclude>
    <ClInclude Include="PointSizeAttribute.h">
      <Filter>Header Files</Filter>
    </ClInclude>
    <ClInclude Include="LineWidthAttribute.h">
      <Filter>Header Files</Filter>
    </ClInclude>
    <ClInclude Include="LineStippleAttribute.h">
      <Filter>Header Files</Filter>
    </ClInclude>
    <ClInclude Include="QTexture.h">
      <Filter>Header Files</Filter>
    </ClInclude>
    <ClInclude Include="QBitmapText.h">
      <Filter>Header Files</Filter>
    </ClInclude>
    <ClInclude Include="DivisionData.h">
      <Filter>Header Files</Filter>
    </ClInclude>
    <ClInclude Include="CardinalSpline.h">
      <Filter>Header Files</Filter>
    </ClInclude>
    <ClInclude Include="GLTransform.h">
      <Filter>Header Files</Filter>
    </ClInclude>
    <ClInclude Include="ViewModelTransform.h">
      <Filter>Header Files</Filter>
    </ClInclude>
    <ClInclude Include="ProjectionTransform.h">
      <Filter>Header Files</Filter>
    </ClInclude>
    <ClInclude Include="StationValues.h">
      <Filter>Header Files</Filter>
    </ClInclude>
    <ClInclude Include="QSceneCallBack.h">
      <Filter>Header Files</Filter>
    </ClInclude>
    <ClInclude Include="QPickup.h">
      <Filter>Header Files</Filter>
    </ClInclude>
    <ClInclude Include="QMouseManipulator.h">
      <Filter>Header Files</Filter>
    </ClInclude>
    <ClInclude Include="QDefaultMouseManipulator.h">
      <Filter>Header Files</Filter>
    </ClInclude>
    <ClInclude Include="TextureAttribute.h">
      <Filter>Header Files</Filter>
    </ClInclude>
    <ClInclude Include="QTextrueInterface.h">
      <Filter>Header Files</Filter>
    </ClInclude>
    <ClInclude Include="NccPoint.h">
      <Filter>Header Files</Filter>
    </ClInclude>
    <ClInclude Include="Nccstation.h">
      <Filter>Header Files</Filter>
    </ClInclude>
    <ClInclude Include="Nccclosedcontour.h">
      <Filter>Header Files</Filter>
    </ClInclude>
    <ClInclude Include="QERenderContext.h">
      <Filter>Header Files</Filter>
    </ClInclude>
    <ClInclude Include="QMouseManipulatorExtand.h">
      <Filter>Header Files</Filter>
    </ClInclude>
    <ClInclude Include="QNodeCallBack.h">
      <Filter>Header Files</Filter>
    </ClInclude>
    <ClInclude Include="QEText.h">
      <Filter>Header Files</Filter>
    </ClInclude>
    <ClInclude Include="QPixmapTextrue.h">
      <Filter>Header Files</Filter>
    </ClInclude>
    <ClInclude Include="DrawSurface.h">
      <Filter>Header Files</Filter>
    </ClInclude>
    <ClInclude Include="PixelBufferSurface.h">
      <Filter>Header Files</Filter>
    </ClInclude>
  </ItemGroup>
  <ItemGroup>
    <ClCompile Include="QCamera.cpp">
      <Filter>Source Files</Filter>
    </ClCompile>
    <ClCompile Include="QNode.cpp">
      <Filter>Source Files</Filter>
    </ClCompile>
    <ClCompile Include="QObserver.cpp">
      <Filter>Source Files</Filter>
    </ClCompile>
    <ClCompile Include="QScene.cpp">
      <Filter>Source Files</Filter>
    </ClCompile>
    <ClCompile Include="QSceneManager.cpp">
      <Filter>Source Files</Filter>
    </ClCompile>
    <ClCompile Include="QViewport.cpp">
      <Filter>Source Files</Filter>
    </ClCompile>
    <ClCompile Include="QStateSet.cpp">
      <Filter>Source Files</Filter>
    </ClCompile>
    <ClCompile Include="QRenderable.cpp">
      <Filter>Source Files</Filter>
    </ClCompile>
    <ClCompile Include="QRenderUnit.cpp">
      <Filter>Source Files</Filter>
    </ClCompile>
    <ClCompile Include="QRenderVolume.cpp">
      <Filter>Source Files</Filter>
    </ClCompile>
    <ClCompile Include="QLeaf.cpp">
      <Filter>Source Files</Filter>
    </ClCompile>
    <ClCompile Include="QFork.cpp">
      <Filter>Source Files</Filter>
    </ClCompile>
    <ClCompile Include="QTransform3D.cpp">
      <Filter>Source Files</Filter>
    </ClCompile>
    <ClCompile Include="QAttributeSet.cpp">
      <Filter>Source Files</Filter>
    </ClCompile>
    <ClCompile Include="QAttribute.cpp">
      <Filter>Source Files</Filter>
    </ClCompile>
    <ClCompile Include="QState.cpp">
      <Filter>Source Files</Filter>
    </ClCompile>
    <ClCompile Include="QRenderWindow.cpp">
      <Filter>Source Files</Filter>
    </ClCompile>
    <ClCompile Include="QAccessor.cpp">
      <Filter>Source Files</Filter>
    </ClCompile>
    <ClCompile Include="QTesselator.cpp">
      <Filter>Source Files</Filter>
    </ClCompile>
    <ClCompile Include="ColorAttribute.cpp">
      <Filter>Source Files</Filter>
    </ClCompile>
    <ClCompile Include="PointSizeAttribute.cpp">
      <Filter>Source Files</Filter>
    </ClCompile>
    <ClCompile Include="LineWidthAttribute.cpp">
      <Filter>Source Files</Filter>
    </ClCompile>
    <ClCompile Include="LineStippleAttribute.cpp">
      <Filter>Source Files</Filter>
    </ClCompile>
    <ClCompile Include="QTexture.cpp">
      <Filter>Source Files</Filter>
    </ClCompile>
    <ClCompile Include="QBitmapText.cpp">
      <Filter>Source Files</Filter>
    </ClCompile>
    <ClCompile Include="DivisionData.cpp">
      <Filter>Source Files</Filter>
    </ClCompile>
    <ClCompile Include="CardinalSpline.cpp">
      <Filter>Source Files</Filter>
    </ClCompile>
    <ClCompile Include="GLTransform.cpp">
      <Filter>Source Files</Filter>
    </ClCompile>
    <ClCompile Include="ViewModelTransform.cpp">
      <Filter>Source Files</Filter>
    </ClCompile>
    <ClCompile Include="ProjectionTransform.cpp">
      <Filter>Source Files</Filter>
    </ClCompile>
    <ClCompile Include="StationValues.cpp">
      <Filter>Source Files</Filter>
    </ClCompile>
    <ClCompile Include="QSceneCallBack.cpp">
      <Filter>Source Files</Filter>
    </ClCompile>
    <ClCompile Include="QPickup.cpp">
      <Filter>Source Files</Filter>
    </ClCompile>
    <ClCompile Include="QMouseManipulator.cpp">
      <Filter>Source Files</Filter>
    </ClCompile>
    <ClCompile Include="QDefaultMouseManipulator.cpp">
      <Filter>Source Files</Filter>
    </ClCompile>
    <ClCompile Include="TextureAttribute.cpp">
      <Filter>Source Files</Filter>
    </ClCompile>
    <ClCompile Include="QTextrueInterface.cpp">
      <Filter>Source Files</Filter>
    </ClCompile>
    <ClCompile Include="Nccstation.cpp">
      <Filter>Source Files</Filter>
    </ClCompile>
    <ClCompile Include="Nccclosedcontour.cpp">
      <Filter>Source Files</Filter>
    </ClCompile>
    <ClCompile Include="QERenderContext.cpp">
      <Filter>Source Files</Filter>
    </ClCompile>
    <ClCompile Include="moc_QRenderUnit.cpp">
      <Filter>Generated file</Filter>
    </ClCompile>
    <ClCompile Include="moc_QRenderVolume.cpp">
      <Filter>Generated file</Filter>
    </ClCompile>
    <ClCompile Include="QMouseManipulatorExtand.cpp">
      <Filter>Source Files</Filter>
    </ClCompile>
    <ClCompile Include="QNodeCallBack.cpp">
      <Filter>Source Files</Filter>
    </ClCompile>
    <ClCompile Include="QEText.cpp">
      <Filter>Source Files</Filter>
    </ClCompile>
    <ClCompile Include="QPixmapTextrue.cpp">
      <Filter>Source Files</Filter>
    </ClCompile>
    <ClCompile Include="DrawSurface.cpp">
      <Filter>Source Files</Filter>
    </ClCompile>
    <ClCompile Include="PixelBufferSurface.cpp">
      <Filter>Source Files</Filter>
    </ClCompile>
  </ItemGroup>
  <ItemGroup>
    <CustomBuild Include="QRenderUnit.h">
      <Filter>Header Files</Filter>
    </CustomBuild>
    <CustomBuild Include="QRenderVolume.h">
      <Filter>Header Files</Filter>
    </CustomBuild>
  </ItemGroup>
</Project>