<?xml version="1.0" encoding="utf-8"?>
<Project ToolsVersion="4.0" xmlns="http://schemas.microsoft.com/developer/msbuild/2003">
  <ItemGroup>
    <Filter Include="Source Files">
      <UniqueIdentifier>{4FC737F1-C7A5-4376-A066-2A32D752A2FF}</UniqueIdentifier>
      <Extensions>cpp;c;cc;cxx;def;odl;idl;hpj;bat;asm;asmx</Extensions>
    </Filter>
    <Filter Include="Header Files">
      <UniqueIdentifier>{93995380-89BD-4b04-88EB-625FBE52EBFB}</UniqueIdentifier>
      <Extensions>h;hpp;hxx;hm;inl;inc;xsd</Extensions>
    </Filter>
    <Filter Include="Gen file">
      <UniqueIdentifier>{3f8d4281-76d6-4fd7-bf16-bcb3c210c747}</UniqueIdentifier>
    </Filter>
    <Filter Include="Resource Files">
      <UniqueIdentifier>{67DA6AB6-F800-4c08-8B7A-83BB121AAD01}</UniqueIdentifier>
      <Extensions>rc;ico;cur;bmp;dlg;rc2;rct;bin;rgs;gif;jpg;jpeg;jpe;resx;tiff;tif;png;wav;mfcribbon-ms</Extensions>
    </Filter>
    <Filter Include="nn">
      <UniqueIdentifier>{8ac67107-b2e6-475e-9d7f-e49293c337d5}</UniqueIdentifier>
    </Filter>
  </ItemGroup>
  <ItemGroup>
    <ClInclude Include="CoordinateTransform.h">
      <Filter>Header Files</Filter>
    </ClInclude>
    <ClInclude Include="Proj4Transform.h">
      <Filter>Header Files</Filter>
    </ClInclude>
    <ClInclude Include="DataProvider.h">
      <Filter>Header Files</Filter>
    </ClInclude>
    <ClInclude Include="Line.h">
      <Filter>Header Files</Filter>
    </ClInclude>
    <ClInclude Include="Point.h">
      <Filter>Header Files</Filter>
    </ClInclude>
    <ClInclude Include="Polygon.h">
      <Filter>Header Files</Filter>
    </ClInclude>
    <ClInclude Include="Symbol.h">
      <Filter>Header Files</Filter>
    </ClInclude>
    <ClInclude Include="Plane.h">
      <Filter>Header Files</Filter>
    </ClInclude>
    <ClInclude Include="GIS_WrapperConfig.h">
      <Filter>Header Files</Filter>
    </ClInclude>
    <ClInclude Include="Geometry.h">
      <Filter>Header Files</Filter>
    </ClInclude>
    <ClInclude Include="SymbolLine.h">
      <Filter>Header Files</Filter>
    </ClInclude>
    <ClInclude Include="SymbolPoint.h">
      <Filter>Header Files</Filter>
    </ClInclude>
    <ClInclude Include="Map.h">
      <Filter>Header Files</Filter>
    </ClInclude>
    <ClInclude Include="DrawContourLine.h">
      <Filter>Header Files</Filter>
    </ClInclude>
    <ClInclude Include="DrawWindSymbol.h">
      <Filter>Header Files</Filter>
    </ClInclude>
    <ClInclude Include="DrawPointSymbol.h">
      <Filter>Header Files</Filter>
    </ClInclude>
    <ClInclude Include="Log.h">
      <Filter>Header Files</Filter>
    </ClInclude>
    <ClInclude Include="Legend.h">
      <Filter>Header Files</Filter>
    </ClInclude>
    <ClInclude Include="DiskFileLog.h">
      <Filter>Header Files</Filter>
    </ClInclude>
    <ClInclude Include="DrawLineSymbol.h">
      <Filter>Header Files</Filter>
    </ClInclude>
    <ClInclude Include="DiskFileLog.h">
      <Filter>Header Files</Filter>
    </ClInclude>
    <ClInclude Include="ILayerAttribute.h">
      <Filter>Header Files</Filter>
    </ClInclude>
    <ClInclude Include="ContourLayer.h">
      <Filter>Header Files</Filter>
    </ClInclude>
    <ClInclude Include="ContourShadedLayer.h">
      <Filter>Header Files</Filter>
    </ClInclude>
    <ClInclude Include="CustomizeArea.h">
      <Filter>Header Files</Filter>
    </ClInclude>
    <ClInclude Include="ContourData.h">
      <Filter>Header Files</Filter>
    </ClInclude>
    <ClInclude Include="DrawTroughLine.h">
      <Filter>Header Files</Filter>
    </ClInclude>
    <ClInclude Include="SymbolAttribute.h">
      <Filter>Header Files</Filter>
    </ClInclude>
    <ClInclude Include="SymbolContourLine.h">
      <Filter>Header Files</Filter>
    </ClInclude>
    <ClInclude Include="NormalSymbol.h">
      <Filter>Header Files</Filter>
    </ClInclude>
    <ClInclude Include="SymbolData.h">
      <Filter>Header Files</Filter>
    </ClInclude>
    <ClInclude Include="OptMicapsDataXml.h">
      <Filter>Header Files</Filter>
    </ClInclude>
    <ClInclude Include="SaveSymbolToXML.h">
      <Filter>Header Files</Filter>
    </ClInclude>
    <ClInclude Include="DrawNormalSymbol.h">
      <Filter>Header Files</Filter>
    </ClInclude>
    <ClInclude Include="StationInterpretation.h">
      <Filter>Header Files</Filter>
    </ClInclude>
    <ClInclude Include="SymbolPluginInterface.h">
      <Filter>Header Files</Filter>
    </ClInclude>
    <ClInclude Include="DrawMicapsGroundMap.h">
      <Filter>Header Files</Filter>
    </ClInclude>
    <ClInclude Include="CIPASMessageBox.h">
      <Filter>Header Files</Filter>
    </ClInclude>
    <ClInclude Include="CIPASException.h">
      <Filter>Header Files</Filter>
    </ClInclude>
    <ClInclude Include="ColorCardLegend.h">
      <Filter>Header Files</Filter>
    </ClInclude>
    <ClInclude Include="ContourLegend.h">
      <Filter>Header Files</Filter>
    </ClInclude>
    <ClInclude Include="DrawOrder.h">
      <Filter>Header Files</Filter>
    </ClInclude>
    <ClInclude Include="ReadSymbolFromM14File.h">
      <Filter>Header Files</Filter>
    </ClInclude>
    <ClInclude Include="SaveSymbolToM14File.h">
      <Filter>Header Files</Filter>
    </ClInclude>
    <ClInclude Include="PixmapTexture.h">
      <Filter>Header Files</Filter>
    </ClInclude>
    <ClInclude Include="GeoCoordTransform.h">
      <Filter>Header Files</Filter>
    </ClInclude>
    <ClInclude Include="ImageTexture.h">
      <Filter>Header Files</Filter>
    </ClInclude>
    <ClInclude Include="DrawShapeSymbol.h">
      <Filter>Header Files</Filter>
    </ClInclude>
    <ClInclude Include="ConvertExponentToCipasFormat.h">
      <Filter>Header Files</Filter>
    </ClInclude>
    <ClInclude Include="AnalysisExponent.h">
      <Filter>Header Files</Filter>
    </ClInclude>
    <ClInclude Include="AnalysisStationFile.h">
      <Filter>Header Files</Filter>
    </ClInclude>
    <ClInclude Include="DrawContourArea.h">
      <Filter>Header Files</Filter>
    </ClInclude>
    <ClInclude Include="Const.h">
      <Filter>Header Files</Filter>
    </ClInclude>
    <ClInclude Include="DrawArea.h">
      <Filter>Header Files</Filter>
    </ClInclude>
    <ClInclude Include="LayerDisplayControl.h">
      <Filter>Header Files</Filter>
    </ClInclude>
    <ClInclude Include="MeasureMouseManipulator.h">
      <Filter>Header Files</Filter>
    </ClInclude>
    <ClInclude Include="SymbolMultiContourLine.h">
      <Filter>Header Files</Filter>
    </ClInclude>
    <ClInclude Include="ReadColorTableFromXML.h">
      <Filter>Header Files</Filter>
    </ClInclude>
    <ClInclude Include="SaveColorTableToXML.h">
      <Filter>Header Files</Filter>
    </ClInclude>
    <ClInclude Include="SymbolMultiLine.h">
      <Filter>Header Files</Filter>
    </ClInclude>
    <ClInclude Include="CLineAnalysis.h">
      <Filter>Header Files</Filter>
    </ClInclude>
    <ClInclude Include="SaveLayerToShape.h">
      <Filter>Header Files</Filter>
    </ClInclude>
    <ClInclude Include="shapefil.h">
      <Filter>Header Files</Filter>
    </ClInclude>
    <ClInclude Include="gpc.h">
      <Filter>Header Files</Filter>
    </ClInclude>
    <ClInclude Include="nn\delaunay.h">
      <Filter>nn</Filter>
    </ClInclude>
    <ClInclude Include="nn\hash.h">
      <Filter>nn</Filter>
    </ClInclude>
    <ClInclude Include="nn\istack.h">
      <Filter>nn</Filter>
    </ClInclude>
    <ClInclude Include="nn\nan.h">
      <Filter>nn</Filter>
    </ClInclude>
    <ClInclude Include="nn\nn.h">
      <Filter>nn</Filter>
    </ClInclude>
    <ClInclude Include="nn\triangle.h">
      <Filter>nn</Filter>
    </ClInclude>
    <ClInclude Include="nn\version.h">
      <Filter>nn</Filter>
    </ClInclude>
    <ClInclude Include="SaveLayerToKML.h">
      <Filter>Header Files</Filter>
    </ClInclude>
    <ClInclude Include="DrawString.h">
      <Filter>Header Files</Filter>
    </ClInclude>
    <ClInclude Include="CPolygonAnalysis.h">
      <Filter>Header Files</Filter>
    </ClInclude>
    <ClInclude Include="dem.h">
      <Filter>Header Files</Filter>
    </ClInclude>
    <ClInclude Include="tin.h">
      <Filter>Header Files</Filter>
    </ClInclude>
    <ClInclude Include="FunPluginInterface.h">
      <Filter>Header Files</Filter>
    </ClInclude>
    <ClInclude Include="GeoTo3DTransform.h">
      <Filter>Header Files</Filter>
    </ClInclude>
    <ClInclude Include="EarthSphere.h">
      <Filter>Header Files</Filter>
    </ClInclude>
    <ClInclude Include="Circlip.h">
      <Filter>Header Files</Filter>
    </ClInclude>
    <ClInclude Include="ConcavePolygon.h">
      <Filter>Header Files</Filter>
    </ClInclude>
    <ClInclude Include="AlgorithmInterface.h">
      <Filter>Header Files</Filter>
    </ClInclude>
    <ClInclude Include="CIPScene.h">
      <Filter>Header Files</Filter>
    </ClInclude>
    <ClInclude Include="RadProjTransform.h">
      <Filter>Header Files</Filter>
    </ClInclude>
    <ClInclude Include="DrawCricle.h">
      <Filter>Header Files</Filter>
    </ClInclude>
    <ClInclude Include="DrawLineDistance.h">
      <Filter>Header Files</Filter>
    </ClInclude>
    <ClInclude Include="CipasField.h">
      <Filter>Header Files</Filter>
    </ClInclude>
  </ItemGroup>
  <ItemGroup>
    <ClCompile Include="Layer.cpp">
      <Filter>Source Files</Filter>
    </ClCompile>
    <ClCompile Include="CoordinateTransform.cpp">
      <Filter>Source Files</Filter>
    </ClCompile>
    <ClCompile Include="Proj4Transform.cpp">
      <Filter>Source Files</Filter>
    </ClCompile>
    <ClCompile Include="VectorLayer.cpp">
      <Filter>Source Files</Filter>
    </ClCompile>
    <ClCompile Include="DataProvider.cpp">
      <Filter>Source Files</Filter>
    </ClCompile>
    <ClCompile Include="Line.cpp">
      <Filter>Source Files</Filter>
    </ClCompile>
    <ClCompile Include="Point.cpp">
      <Filter>Source Files</Filter>
    </ClCompile>
    <ClCompile Include="Polygon.cpp">
      <Filter>Source Files</Filter>
    </ClCompile>
    <ClCompile Include="GraticuleCoordinates.cpp">
      <Filter>Source Files</Filter>
    </ClCompile>
    <ClCompile Include="Symbol.cpp">
      <Filter>Source Files</Filter>
    </ClCompile>
    <ClCompile Include="Plane.cpp">
      <Filter>Source Files</Filter>
    </ClCompile>
    <ClCompile Include="Geometry.cpp">
      <Filter>Source Files</Filter>
    </ClCompile>
    <ClCompile Include="SymbolLine.cpp">
      <Filter>Source Files</Filter>
    </ClCompile>
    <ClCompile Include="SymbolPoint.cpp">
      <Filter>Source Files</Filter>
    </ClCompile>
    <ClCompile Include="Map.cpp">
      <Filter>Source Files</Filter>
    </ClCompile>
    <ClCompile Include="ManualDraw.cpp">
      <Filter>Source Files</Filter>
    </ClCompile>
    <ClCompile Include="DrawContourLine.cpp">
      <Filter>Source Files</Filter>
    </ClCompile>
    <ClCompile Include="DrawWindSymbol.cpp">
      <Filter>Source Files</Filter>
    </ClCompile>
    <ClCompile Include="DrawPointSymbol.cpp">
      <Filter>Source Files</Filter>
    </ClCompile>
    <ClCompile Include="Log.cpp">
      <Filter>Source Files</Filter>
    </ClCompile>
    <ClCompile Include="Legend.cpp">
      <Filter>Source Files</Filter>
    </ClCompile>
    <ClCompile Include="DiskFileLog.cpp">
      <Filter>Source Files</Filter>
    </ClCompile>
    <ClCompile Include="DrawLineSymbol.cpp">
      <Filter>Source Files</Filter>
    </ClCompile>
    <ClCompile Include="ModifySymbol.cpp">
      <Filter>Source Files</Filter>
    </ClCompile>
    <ClCompile Include="DiskFileLog.cpp">
      <Filter>Source Files</Filter>
    </ClCompile>
    <ClCompile Include="ILayerAttribute.cpp">
      <Filter>Source Files</Filter>
    </ClCompile>
    <ClCompile Include="ContourLayer.cpp">
      <Filter>Source Files</Filter>
    </ClCompile>
    <ClCompile Include="ContourShadedLayer.cpp">
      <Filter>Source Files</Filter>
    </ClCompile>
    <ClCompile Include="CustomizeArea.cpp">
      <Filter>Source Files</Filter>
    </ClCompile>
    <ClCompile Include="SymbolLayer.cpp">
      <Filter>Source Files</Filter>
    </ClCompile>
    <ClCompile Include="ContourData.cpp">
      <Filter>Source Files</Filter>
    </ClCompile>
    <ClCompile Include="SymbolAttribute.cpp">
      <Filter>Source Files</Filter>
    </ClCompile>
    <ClCompile Include="SymbolContourLine.cpp">
      <Filter>Source Files</Filter>
    </ClCompile>
    <ClCompile Include="NormalSymbol.cpp">
      <Filter>Source Files</Filter>
    </ClCompile>
    <ClCompile Include="SymbolData.cpp">
      <Filter>Source Files</Filter>
    </ClCompile>
    <ClCompile Include="OptMicapsDataXml.cpp">
      <Filter>Source Files</Filter>
    </ClCompile>
    <ClCompile Include="SaveSymbolToXML.cpp">
      <Filter>Source Files</Filter>
    </ClCompile>
    <ClCompile Include="DrawNormalSymbol.cpp">
      <Filter>Source Files</Filter>
    </ClCompile>
    <ClCompile Include="DrawMicapsGroundMap.cpp">
      <Filter>Source Files</Filter>
    </ClCompile>
    <ClCompile Include="CIPASMessageBox.cpp">
      <Filter>Source Files</Filter>
    </ClCompile>
    <ClCompile Include="DrawTexSymbol.cpp">
      <Filter>Source Files</Filter>
    </ClCompile>
    <ClCompile Include="TextBox.cpp">
      <Filter>Source Files</Filter>
    </ClCompile>
    <ClCompile Include="ModifyContour.cpp">
      <Filter>Source Files</Filter>
    </ClCompile>
    <ClCompile Include="DelSymbol.cpp">
      <Filter>Source Files</Filter>
    </ClCompile>
    <ClCompile Include="CIPASException.cpp">
      <Filter>Source Files</Filter>
    </ClCompile>
    <ClCompile Include="ColorCardLegend.cpp">
      <Filter>Source Files</Filter>
    </ClCompile>
    <ClCompile Include="ContourLegend.cpp">
      <Filter>Source Files</Filter>
    </ClCompile>
    <ClCompile Include="DrawOrder.cpp">
      <Filter>Source Files</Filter>
    </ClCompile>
    <ClCompile Include="ReadSymbolFromM14File.cpp">
      <Filter>Source Files</Filter>
    </ClCompile>
    <ClCompile Include="SaveSymbolToM14File.cpp">
      <Filter>Source Files</Filter>
    </ClCompile>
    <ClCompile Include="PixmapTexture.cpp">
      <Filter>Source Files</Filter>
    </ClCompile>
    <ClCompile Include="GeoCoordTransform.cpp">
      <Filter>Source Files</Filter>
    </ClCompile>
    <ClCompile Include="ModifyStationSymbol.cpp">
      <Filter>Source Files</Filter>
    </ClCompile>
    <ClCompile Include="moc_DelSymbol.cpp">
      <Filter>Gen file</Filter>
    </ClCompile>
    <ClCompile Include="moc_GraticuleCoordinates.cpp">
      <Filter>Gen file</Filter>
    </ClCompile>
    <ClCompile Include="moc_Layer.cpp">
      <Filter>Gen file</Filter>
    </ClCompile>
    <ClCompile Include="moc_ManualDraw.cpp">
      <Filter>Gen file</Filter>
    </ClCompile>
    <ClCompile Include="moc_ModifyContour.cpp">
      <Filter>Gen file</Filter>
    </ClCompile>
    <ClCompile Include="moc_ModifySymbol.cpp">
      <Filter>Gen file</Filter>
    </ClCompile>
    <ClCompile Include="moc_SymbolLayer.cpp">
      <Filter>Gen file</Filter>
    </ClCompile>
    <ClCompile Include="moc_TextBox.cpp">
      <Filter>Gen file</Filter>
    </ClCompile>
    <ClCompile Include="moc_VectorLayer.cpp">
      <Filter>Gen file</Filter>
    </ClCompile>
    <ClCompile Include="moc_ModifyStationSymbol.cpp">
      <Filter>Gen file</Filter>
    </ClCompile>
    <ClCompile Include="ImageTexture.cpp">
      <Filter>Source Files</Filter>
    </ClCompile>
    <ClCompile Include="DrawShapeSymbol.cpp">
      <Filter>Source Files</Filter>
    </ClCompile>
    <ClCompile Include="ScaleSymbolLine.cpp">
      <Filter>Source Files</Filter>
    </ClCompile>
    <ClCompile Include="ConvertExponentToCipasFormat.cpp">
      <Filter>Source Files</Filter>
    </ClCompile>
    <ClCompile Include="moc_DrawTexSymbol.cpp">
      <Filter>Gen file</Filter>
    </ClCompile>
    <ClCompile Include="moc_ScaleSymbolLine.cpp">
      <Filter>Gen file</Filter>
    </ClCompile>
    <ClCompile Include="AnalysisExponent.cpp">
      <Filter>Source Files</Filter>
    </ClCompile>
    <ClCompile Include="AnalysisStationFile.cpp">
      <Filter>Source Files</Filter>
    </ClCompile>
    <ClCompile Include="DrawContourArea.cpp">
      <Filter>Source Files</Filter>
    </ClCompile>
    <ClCompile Include="DrawArea.cpp">
      <Filter>Source Files</Filter>
    </ClCompile>
    <ClCompile Include="LayerDisplayControl.cpp">
      <Filter>Source Files</Filter>
    </ClCompile>
    <ClCompile Include="MeasureMouseManipulator.cpp">
      <Filter>Source Files</Filter>
    </ClCompile>
    <ClCompile Include="SymbolMultiContourLine.cpp">
      <Filter>Source Files</Filter>
    </ClCompile>
    <ClCompile Include="ReadColorTableFromXML.cpp">
      <Filter>Source Files</Filter>
    </ClCompile>
    <ClCompile Include="SaveColorTableToXML.cpp">
      <Filter>Source Files</Filter>
    </ClCompile>
    <ClCompile Include="SymbolMultiLine.cpp">
      <Filter>Source Files</Filter>
    </ClCompile>
    <ClCompile Include="CLineAnalysis.cpp">
      <Filter>Source Files</Filter>
    </ClCompile>
    <ClCompile Include="SaveLayerToShape.cpp">
      <Filter>Source Files</Filter>
    </ClCompile>
    <ClCompile Include="gpc.cpp">
      <Filter>Source Files</Filter>
    </ClCompile>
    <ClCompile Include="nn\delaunay.c">
      <Filter>nn</Filter>
    </ClCompile>
    <ClCompile Include="nn\hash.c">
      <Filter>nn</Filter>
    </ClCompile>
    <ClCompile Include="nn\istack.c">
      <Filter>nn</Filter>
    </ClCompile>
    <ClCompile Include="nn\lpi.c">
      <Filter>nn</Filter>
    </ClCompile>
    <ClCompile Include="nn\nnai.c">
      <Filter>nn</Filter>
    </ClCompile>
    <ClCompile Include="nn\nncommon.c">
      <Filter>nn</Filter>
    </ClCompile>
    <ClCompile Include="nn\nnpi.c">
      <Filter>nn</Filter>
    </ClCompile>
    <ClCompile Include="nn\triangle.c">
      <Filter>nn</Filter>
    </ClCompile>
    <ClCompile Include="SaveLayerToKML.cpp">
      <Filter>Source Files</Filter>
    </ClCompile>
    <ClCompile Include="DrawString.cpp">
      <Filter>Source Files</Filter>
    </ClCompile>
    <ClCompile Include="CPolygonAnalysis.cpp">
      <Filter>Source Files</Filter>
    </ClCompile>
    <ClCompile Include="tin.cpp">
      <Filter>Source Files</Filter>
    </ClCompile>
    <ClCompile Include="GeoTo3DTransform.cpp">
      <Filter>Source Files</Filter>
    </ClCompile>
    <ClCompile Include="EarthSphere.cpp">
      <Filter>Source Files</Filter>
    </ClCompile>
    <ClCompile Include="Circlip.cpp">
      <Filter>Source Files</Filter>
    </ClCompile>
    <ClCompile Include="ConcavePolygon.cpp">
      <Filter>Source Files</Filter>
    </ClCompile>
    <ClCompile Include="AlgorithmInterface.cpp">
      <Filter>Source Files</Filter>
    </ClCompile>
    <ClCompile Include="CIPScene.cpp">
      <Filter>Source Files</Filter>
    </ClCompile>
    <ClCompile Include="RadProjTransform.cpp">
      <Filter>Source Files</Filter>
    </ClCompile>
    <ClCompile Include="DrawCricle.cpp">
      <Filter>Source Files</Filter>
    </ClCompile>
    <ClCompile Include="DrawLineTP.cpp">
      <Filter>Source Files</Filter>
    </ClCompile>
    <ClCompile Include="DrawRectangle.cpp">
      <Filter>Source Files</Filter>
    </ClCompile>
    <ClCompile Include="moc_DrawLineTP.cpp">
      <Filter>Gen file</Filter>
    </ClCompile>
    <ClCompile Include="moc_DrawRectangle.cpp">
      <Filter>Gen file</Filter>
    </ClCompile>
    <ClCompile Include="DrawLineDistance.cpp">
      <Filter>Source Files</Filter>
    </ClCompile>
    <ClCompile Include="CipasField.cpp">
      <Filter>Source Files</Filter>
    </ClCompile>
  </ItemGroup>
  <ItemGroup>
    <CustomBuild Include="GraticuleCoordinates.h">
      <Filter>Header Files</Filter>
    </CustomBuild>
    <CustomBuild Include="VectorLayer.h">
      <Filter>Header Files</Filter>
    </CustomBuild>
    <CustomBuild Include="Layer.h">
      <Filter>Header Files</Filter>
    </CustomBuild>
    <CustomBuild Include="ModifySymbol.h">
      <Filter>Header Files</Filter>
    </CustomBuild>
    <CustomBuild Include="ManualDraw.h">
      <Filter>Header Files</Filter>
    </CustomBuild>
    <CustomBuild Include="SymbolLayer.h">
      <Filter>Header Files</Filter>
    </CustomBuild>
    <CustomBuild Include="TextBox.h">
      <Filter>Header Files</Filter>
    </CustomBuild>
    <CustomBuild Include="DrawTexSymbol.h">
      <Filter>Header Files</Filter>
    </CustomBuild>
    <CustomBuild Include="ModifyContour.h">
      <Filter>Header Files</Filter>
    </CustomBuild>
    <CustomBuild Include="DelSymbol.h">
      <Filter>Header Files</Filter>
    </CustomBuild>
    <CustomBuild Include="ModifyStationSymbol.h">
      <Filter>Header Files</Filter>
    </CustomBuild>
    <CustomBuild Include="ScaleSymbolLine.h">
      <Filter>Header Files</Filter>
    </CustomBuild>
    <CustomBuild Include="DrawLineTP.h">
      <Filter>Header Files</Filter>
    </CustomBuild>
    <CustomBuild Include="DrawRectangle.h">
      <Filter>Header Files</Filter>
    </CustomBuild>
  </ItemGroup>
  <ItemGroup>
    <None Include="GIS_Abilities.cd" />
  </ItemGroup>
</Project>